<?xml version="1.0" encoding="utf-8"?>
<Project ToolsVersion="4.0" xmlns="http://schemas.microsoft.com/developer/msbuild/2003">
  <ItemGroup>
    <Filter Include="Source Files">
      <UniqueIdentifier>{04e252dc-08f0-4b3b-9c00-526e8e87fd0e}</UniqueIdentifier>
      <Extensions>cpp;c;cxx;rc;def;odl;idl;hpj;bat;asm</Extensions>
    </Filter>
    <Filter Include="Header Files">
      <UniqueIdentifier>{99ca79ec-56c4-48d3-902f-87d00c6b8e0d}</UniqueIdentifier>
      <Extensions>h;hpp;hxx;hm;inl;inc</Extensions>
    </Filter>
    <Filter Include="Resource Files">
      <UniqueIdentifier>{e981c191-0d95-42d9-a64d-f39cb53f4721}</UniqueIdentifier>
      <Extensions>ico;cur;bmp;dlg;rc2;rct;bin;rgs;gif;jpg;jpeg;jpe</Extensions>
    </Filter>
  </ItemGroup>
  <ItemGroup>
    <ClCompile Include="uddi.xp.cpp">
      <Filter>Source Files</Filter>
    </ClCompile>
    <ClCompile Include="xp_recalculate_statistics.cpp">
      <Filter>Source Files</Filter>
    </ClCompile>
    <ClCompile Include="xp_reset_key.cpp">
      <Filter>Source Files</Filter>
    </ClCompile>
  </ItemGroup>
  <ItemGroup>
    <None Include="uddi.xp.def">
      <Filter>Source Files</Filter>
    </None>
    <None Include="sources" />
  </ItemGroup>
  <ItemGroup>
    <ClInclude Include="uddi.xp.h">
      <Filter>Header Files</Filter>
    </ClInclude>
  </ItemGroup>
  <ItemGroup>
    <Text Include="placefil.txt" />
    <Text Include="readme.txt" />
  </ItemGroup>
</Project>